# This file is autogenerated, do not edit; changes may be undone by the next 'dep ensure'.


[[projects]]
  digest = "1:320e7ead93de9fd2b0e59b50fd92a4d50c1f8ab455d96bc2eb083267453a9709"
  name = "github.com/asaskevich/govalidator"
  packages = ["."]
  pruneopts = "UT"
  revision = "ccb8e960c48f04d6935e72476ae4a51028f9e22f"
  version = "v9"

[[projects]]
  digest = "1:76dc72490af7174349349838f2fe118996381b31ea83243812a97e5a0fd5ed55"
  name = "github.com/dgrijalva/jwt-go"
  packages = ["."]
  pruneopts = "UT"
  revision = "06ea1031745cb8b3dab3f6a236daf2b0aa468b7e"
  version = "v3.2.0"

[[projects]]
  digest = "1:5f7b0c5ddd7f129e3a95b534b624b96aefd0487305af5828620a63a9dc94286f"
  name = "github.com/go-ozzo/ozzo-validation"
  packages = [
    ".",
    "is",
  ]
  pruneopts = "UT"
  revision = "199b55b36bc1af151e6eea487cc92ffa5b460b81"
  version = "v3.6.0"

[[projects]]
  digest = "1:b117faf01abdbdadd7b8ceeae74cd1369c1b073fef41aee8b674c9d704a54c16"
  name = "github.com/gorilla/handlers"
  packages = ["."]
  pruneopts = "UT"
  revision = "8a3748addc242fc560bd6d4ff28b0374c010b1b4"
  version = "v1.4.2"

[[projects]]
  digest = "1:cbec35fe4d5a4fba369a656a8cd65e244ea2c743007d8f6c1ccb132acf9d1296"
  name = "github.com/gorilla/mux"
  packages = ["."]
  pruneopts = "UT"
  revision = "00bdffe0f3c77e27d2cf6f5c70232a2d3e4d9c15"
  version = "v1.7.3"

[[projects]]
  digest = "1:da6718abe4d47b1132d98bf3f9b18e302d537bf6daf02bd40804d9295a3f32bd"
  name = "github.com/jinzhu/gorm"
  packages = [
    ".",
    "dialects/postgres",
  ]
  pruneopts = "UT"
  revision = "836fb2c19d84dac7b0272958dfb9af7cf0d0ade4"
  version = "v1.9.10"

[[projects]]
  digest = "1:01ed62f8f4f574d8aff1d88caee113700a2b44c42351943fa73cc1808f736a50"
  name = "github.com/jinzhu/inflection"
  packages = ["."]
  pruneopts = "UT"
  revision = "f5c5f50e6090ae76a29240b61ae2a90dd810112e"
  version = "v1.0.0"

[[projects]]
  digest = "1:ecd9aa82687cf31d1585d4ac61d0ba180e42e8a6182b85bd785fcca8dfeefc1b"
  name = "github.com/joho/godotenv"
  packages = ["."]
  pruneopts = "UT"
  revision = "23d116af351c84513e1946b527c88823e476be13"
  version = "v1.3.0"

[[projects]]
  digest = "1:0ead8e64fe356bd9221605e3ec40b4438509868018cbbbaaaff3ebae1b69b78b"
  name = "github.com/lib/pq"
  packages = [
    ".",
    "hstore",
    "oid",
    "scram",
  ]
  pruneopts = "UT"
  revision = "3427c32cb71afc948325f299f040e53c1dd78979"
  version = "v1.2.0"

[[projects]]
  digest = "1:9076c624a9ba7139076876b5440b0d90115349fb709abbf2e41e115011fa7876"
  name = "github.com/unrolled/secure"
  packages = ["."]
  pruneopts = "UT"
  revision = "f216236dcfc980ca06e5e4281a74f8869fb590fd"
  version = "v1.0.1"

[[projects]]
  branch = "master"
  digest = "1:9d5b5d543996dd584da1db1e0de1926f3e4c3a8dba0fa2f8db70f3ebee2342e0"
  name = "golang.org/x/crypto"
  packages = [
    "bcrypt",
    "blowfish",
  ]
  pruneopts = "UT"
  revision = "9756ffdc24725223350eb3266ffb92590d28f278"

[solve-meta]
  analyzer-name = "dep"
  analyzer-version = 1
  input-imports = [
    "github.com/dgrijalva/jwt-go",
    "github.com/go-ozzo/ozzo-validation",
    "github.com/go-ozzo/ozzo-validation/is",
    "github.com/gorilla/handlers",
    "github.com/gorilla/mux",
    "github.com/jinzhu/gorm",
    "github.com/jinzhu/gorm/dialects/postgres",
    "github.com/joho/godotenv",
    "github.com/unrolled/secure",
    "golang.org/x/crypto/bcrypt",
  ]
  solver-name = "gps-cdcl"
  solver-version = 1
